// !$*UTF8*$!
{
	archiveVersion = 1;
	classes = {
	};
	objectVersion = 55;
	objects = {

/* Begin PBXBuildFile section */
		69EB523F278DA801003F7449 /* AppDelegate.swift in Sources */ = {isa = PBXBuildFile; fileRef = 69EB523E278DA801003F7449 /* AppDelegate.swift */; };
		69EB5241278DA801003F7449 /* SceneDelegate.swift in Sources */ = {isa = PBXBuildFile; fileRef = 69EB5240278DA801003F7449 /* SceneDelegate.swift */; };
		69EB5243278DA801003F7449 /* ViewController.swift in Sources */ = {isa = PBXBuildFile; fileRef = 69EB5242278DA801003F7449 /* ViewController.swift */; };
		69EB5246278DA801003F7449 /* Main.storyboard in Resources */ = {isa = PBXBuildFile; fileRef = 69EB5244278DA801003F7449 /* Main.storyboard */; };
		69EB5248278DA803003F7449 /* Assets.xcassets in Resources */ = {isa = PBXBuildFile; fileRef = 69EB5247278DA803003F7449 /* Assets.xcassets */; };
		69EB524B278DA803003F7449 /* LaunchScreen.storyboard in Resources */ = {isa = PBXBuildFile; fileRef = 69EB5249278DA803003F7449 /* LaunchScreen.storyboard */; };
		69EB5256278DA803003F7449 /* HomeWork_2_3Tests.swift in Sources */ = {isa = PBXBuildFile; fileRef = 69EB5255278DA803003F7449 /* HomeWork_2_3Tests.swift */; };
		69EB5260278DA803003F7449 /* HomeWork_2_3UITests.swift in Sources */ = {isa = PBXBuildFile; fileRef = 69EB525F278DA803003F7449 /* HomeWork_2_3UITests.swift */; };
		69EB5262278DA803003F7449 /* HomeWork_2_3UITestsLaunchTests.swift in Sources */ = {isa = PBXBuildFile; fileRef = 69EB5261278DA803003F7449 /* HomeWork_2_3UITestsLaunchTests.swift */; };
/* End PBXBuildFile section */

/* Begin PBXContainerItemProxy section */
		69EB5252278DA803003F7449 /* PBXContainerItemProxy */ = {
			isa = PBXContainerItemProxy;
			containerPortal = 69EB5233278DA801003F7449 /* Project object */;
			proxyType = 1;
			remoteGlobalIDString = 69EB523A278DA801003F7449;
			remoteInfo = "HomeWork#2.3";
		};
		69EB525C278DA803003F7449 /* PBXContainerItemProxy */ = {
			isa = PBXContainerItemProxy;
			containerPortal = 69EB5233278DA801003F7449 /* Project object */;
			proxyType = 1;
			remoteGlobalIDString = 69EB523A278DA801003F7449;
			remoteInfo = "HomeWork#2.3";
		};
/* End PBXContainerItemProxy section */

/* Begin PBXFileReference section */
		69EB523B278DA801003F7449 /* HomeWork#2.3.app */ = {isa = PBXFileReference; explicitFileType = wrapper.application; includeInIndex = 0; path = "HomeWork#2.3.app"; sourceTree = BUILT_PRODUCTS_DIR; };
		69EB523E278DA801003F7449 /* AppDelegate.swift */ = {isa = PBXFileReference; lastKnownFileType = sourcecode.swift; path = AppDelegate.swift; sourceTree = "<group>"; };
		69EB5240278DA801003F7449 /* SceneDelegate.swift */ = {isa = PBXFileReference; lastKnownFileType = sourcecode.swift; path = SceneDelegate.swift; sourceTree = "<group>"; };
		69EB5242278DA801003F7449 /* ViewController.swift */ = {isa = PBXFileReference; lastKnownFileType = sourcecode.swift; path = ViewController.swift; sourceTree = "<group>"; };
		69EB5245278DA801003F7449 /* Base */ = {isa = PBXFileReference; lastKnownFileType = file.storyboard; name = Base; path = Base.lproj/Main.storyboard; sourceTree = "<group>"; };
		69EB5247278DA803003F7449 /* Assets.xcassets */ = {isa = PBXFileReference; lastKnownFileType = folder.assetcatalog; path = Assets.xcassets; sourceTree = "<group>"; };
		69EB524A278DA803003F7449 /* Base */ = {isa = PBXFileReference; lastKnownFileType = file.storyboard; name = Base; path = Base.lproj/LaunchScreen.storyboard; sourceTree = "<group>"; };
		69EB524C278DA803003F7449 /* Info.plist */ = {isa = PBXFileReference; lastKnownFileType = text.plist.xml; path = Info.plist; sourceTree = "<group>"; };
		69EB5251278DA803003F7449 /* HomeWork#2.3Tests.xctest */ = {isa = PBXFileReference; explicitFileType = wrapper.cfbundle; includeInIndex = 0; path = "HomeWork#2.3Tests.xctest"; sourceTree = BUILT_PRODUCTS_DIR; };
		69EB5255278DA803003F7449 /* HomeWork_2_3Tests.swift */ = {isa = PBXFileReference; lastKnownFileType = sourcecode.swift; path = HomeWork_2_3Tests.swift; sourceTree = "<group>"; };
		69EB525B278DA803003F7449 /* HomeWork#2.3UITests.xctest */ = {isa = PBXFileReference; explicitFileType = wrapper.cfbundle; includeInIndex = 0; path = "HomeWork#2.3UITests.xctest"; sourceTree = BUILT_PRODUCTS_DIR; };
		69EB525F278DA803003F7449 /* HomeWork_2_3UITests.swift */ = {isa = PBXFileReference; lastKnownFileType = sourcecode.swift; path = HomeWork_2_3UITests.swift; sourceTree = "<group>"; };
		69EB5261278DA803003F7449 /* HomeWork_2_3UITestsLaunchTests.swift */ = {isa = PBXFileReference; lastKnownFileType = sourcecode.swift; path = HomeWork_2_3UITestsLaunchTests.swift; sourceTree = "<group>"; };
/* End PBXFileReference section */

/* Begin PBXFrameworksBuildPhase section */
		69EB5238278DA801003F7449 /* Frameworks */ = {
			isa = PBXFrameworksBuildPhase;
			buildActionMask = 2147483647;
			files = (
			);
			runOnlyForDeploymentPostprocessing = 0;
		};
		69EB524E278DA803003F7449 /* Frameworks */ = {
			isa = PBXFrameworksBuildPhase;
			buildActionMask = 2147483647;
			files = (
			);
			runOnlyForDeploymentPostprocessing = 0;
		};
		69EB5258278DA803003F7449 /* Frameworks */ = {
			isa = PBXFrameworksBuildPhase;
			buildActionMask = 2147483647;
			files = (
			);
			runOnlyForDeploymentPostprocessing = 0;
		};
/* End PBXFrameworksBuildPhase section */

/* Begin PBXGroup section */
		69EB5232278DA801003F7449 = {
			isa = PBXGroup;
			children = (
				69EB523D278DA801003F7449 /* HomeWork#2.3 */,
				69EB5254278DA803003F7449 /* HomeWork#2.3Tests */,
				69EB525E278DA803003F7449 /* HomeWork#2.3UITests */,
				69EB523C278DA801003F7449 /* Products */,
			);
			sourceTree = "<group>";
		};
		69EB523C278DA801003F7449 /* Products */ = {
			isa = PBXGroup;
			children = (
				69EB523B278DA801003F7449 /* HomeWork#2.3.app */,
				69EB5251278DA803003F7449 /* HomeWork#2.3Tests.xctest */,
				69EB525B278DA803003F7449 /* HomeWork#2.3UITests.xctest */,
			);
			name = Products;
			sourceTree = "<group>";
		};
		69EB523D278DA801003F7449 /* HomeWork#2.3 */ = {
			isa = PBXGroup;
			children = (
				69EB523E278DA801003F7449 /* AppDelegate.swift */,
				69EB5240278DA801003F7449 /* SceneDelegate.swift */,
				69EB5242278DA801003F7449 /* ViewController.swift */,
				69EB5244278DA801003F7449 /* Main.storyboard */,
				69EB5247278DA803003F7449 /* Assets.xcassets */,
				69EB5249278DA803003F7449 /* LaunchScreen.storyboard */,
				69EB524C278DA803003F7449 /* Info.plist */,
			);
			path = "HomeWork#2.3";
			sourceTree = "<group>";
		};
		69EB5254278DA803003F7449 /* HomeWork#2.3Tests */ = {
			isa = PBXGroup;
			children = (
				69EB5255278DA803003F7449 /* HomeWork_2_3Tests.swift */,
			);
			path = "HomeWork#2.3Tests";
			sourceTree = "<group>";
		};
		69EB525E278DA803003F7449 /* HomeWork#2.3UITests */ = {
			isa = PBXGroup;
			children = (
				69EB525F278DA803003F7449 /* HomeWork_2_3UITests.swift */,
				69EB5261278DA803003F7449 /* HomeWork_2_3UITestsLaunchTests.swift */,
			);
			path = "HomeWork#2.3UITests";
			sourceTree = "<group>";
		};
/* End PBXGroup section */

/* Begin PBXNativeTarget section */
		69EB523A278DA801003F7449 /* HomeWork#2.3 */ = {
			isa = PBXNativeTarget;
			buildConfigurationList = 69EB5265278DA803003F7449 /* Build configuration list for PBXNativeTarget "HomeWork#2.3" */;
			buildPhases = (
				69EB5237278DA801003F7449 /* Sources */,
				69EB5238278DA801003F7449 /* Frameworks */,
				69EB5239278DA801003F7449 /* Resources */,
			);
			buildRules = (
			);
			dependencies = (
			);
			name = "HomeWork#2.3";
			productName = "HomeWork#2.3";
			productReference = 69EB523B278DA801003F7449 /* HomeWork#2.3.app */;
			productType = "com.apple.product-type.application";
		};
		69EB5250278DA803003F7449 /* HomeWork#2.3Tests */ = {
			isa = PBXNativeTarget;
			buildConfigurationList = 69EB5268278DA803003F7449 /* Build configuration list for PBXNativeTarget "HomeWork#2.3Tests" */;
			buildPhases = (
				69EB524D278DA803003F7449 /* Sources */,
				69EB524E278DA803003F7449 /* Frameworks */,
				69EB524F278DA803003F7449 /* Resources */,
			);
			buildRules = (
			);
			dependencies = (
				69EB5253278DA803003F7449 /* PBXTargetDependency */,
			);
			name = "HomeWork#2.3Tests";
			productName = "HomeWork#2.3Tests";
			productReference = 69EB5251278DA803003F7449 /* HomeWork#2.3Tests.xctest */;
			productType = "com.apple.product-type.bundle.unit-test";
		};
		69EB525A278DA803003F7449 /* HomeWork#2.3UITests */ = {
			isa = PBXNativeTarget;
			buildConfigurationList = 69EB526B278DA803003F7449 /* Build configuration list for PBXNativeTarget "HomeWork#2.3UITests" */;
			buildPhases = (
				69EB5257278DA803003F7449 /* Sources */,
				69EB5258278DA803003F7449 /* Frameworks */,
				69EB5259278DA803003F7449 /* Resources */,
			);
			buildRules = (
			);
			dependencies = (
				69EB525D278DA803003F7449 /* PBXTargetDependency */,
			);
			name = "HomeWork#2.3UITests";
			productName = "HomeWork#2.3UITests";
			productReference = 69EB525B278DA803003F7449 /* HomeWork#2.3UITests.xctest */;
			productType = "com.apple.product-type.bundle.ui-testing";
		};
/* End PBXNativeTarget section */

/* Begin PBXProject section */
		69EB5233278DA801003F7449 /* Project object */ = {
			isa = PBXProject;
			attributes = {
				BuildIndependentTargetsInParallel = 1;
				LastSwiftUpdateCheck = 1310;
				LastUpgradeCheck = 1310;
				TargetAttributes = {
					69EB523A278DA801003F7449 = {
						CreatedOnToolsVersion = 13.1;
					};
					69EB5250278DA803003F7449 = {
						CreatedOnToolsVersion = 13.1;
						TestTargetID = 69EB523A278DA801003F7449;
					};
					69EB525A278DA803003F7449 = {
						CreatedOnToolsVersion = 13.1;
						TestTargetID = 69EB523A278DA801003F7449;
					};
				};
			};
			buildConfigurationList = 69EB5236278DA801003F7449 /* Build configuration list for PBXProject "HomeWork#2.3" */;
			compatibilityVersion = "Xcode 13.0";
			developmentRegion = en;
			hasScannedForEncodings = 0;
			knownRegions = (
				en,
				Base,
			);
			mainGroup = 69EB5232278DA801003F7449;
			productRefGroup = 69EB523C278DA801003F7449 /* Products */;
			projectDirPath = "";
			projectRoot = "";
			targets = (
				69EB523A278DA801003F7449 /* HomeWork#2.3 */,
				69EB5250278DA803003F7449 /* HomeWork#2.3Tests */,
				69EB525A278DA803003F7449 /* HomeWork#2.3UITests */,
			);
		};
/* End PBXProject section */

/* Begin PBXResourcesBuildPhase section */
		69EB5239278DA801003F7449 /* Resources */ = {
			isa = PBXResourcesBuildPhase;
			buildActionMask = 2147483647;
			files = (
				69EB524B278DA803003F7449 /* LaunchScreen.storyboard in Resources */,
				69EB5248278DA803003F7449 /* Assets.xcassets in Resources */,
				69EB5246278DA801003F7449 /* Main.storyboard in Resources */,
			);
			runOnlyForDeploymentPostprocessing = 0;
		};
		69EB524F278DA803003F7449 /* Resources */ = {
			isa = PBXResourcesBuildPhase;
			buildActionMask = 2147483647;
			files = (
			);
			runOnlyForDeploymentPostprocessing = 0;
		};
		69EB5259278DA803003F7449 /* Resources */ = {
			isa = PBXResourcesBuildPhase;
			buildActionMask = 2147483647;
			files = (
			);
			runOnlyForDeploymentPostprocessing = 0;
		};
/* End PBXResourcesBuildPhase section */

/* Begin PBXSourcesBuildPhase section */
		69EB5237278DA801003F7449 /* Sources */ = {
			isa = PBXSourcesBuildPhase;
			buildActionMask = 2147483647;
			files = (
				69EB5243278DA801003F7449 /* ViewController.swift in Sources */,
				69EB523F278DA801003F7449 /* AppDelegate.swift in Sources */,
				69EB5241278DA801003F7449 /* SceneDelegate.swift in Sources */,
			);
			runOnlyForDeploymentPostprocessing = 0;
		};
		69EB524D278DA803003F7449 /* Sources */ = {
			isa = PBXSourcesBuildPhase;
			buildActionMask = 2147483647;
			files = (
				69EB5256278DA803003F7449 /* HomeWork_2_3Tests.swift in Sources */,
			);
			runOnlyForDeploymentPostprocessing = 0;
		};
		69EB5257278DA803003F7449 /* Sources */ = {
			isa = PBXSourcesBuildPhase;
			buildActionMask = 2147483647;
			files = (
				69EB5260278DA803003F7449 /* HomeWork_2_3UITests.swift in Sources */,
				69EB5262278DA803003F7449 /* HomeWork_2_3UITestsLaunchTests.swift in Sources */,
			);
			runOnlyForDeploymentPostprocessing = 0;
		};
/* End PBXSourcesBuildPhase section */

/* Begin PBXTargetDependency section */
		69EB5253278DA803003F7449 /* PBXTargetDependency */ = {
			isa = PBXTargetDependency;
			target = 69EB523A278DA801003F7449 /* HomeWork#2.3 */;
			targetProxy = 69EB5252278DA803003F7449 /* PBXContainerItemProxy */;
		};
		69EB525D278DA803003F7449 /* PBXTargetDependency */ = {
			isa = PBXTargetDependency;
			target = 69EB523A278DA801003F7449 /* HomeWork#2.3 */;
			targetProxy = 69EB525C278DA803003F7449 /* PBXContainerItemProxy */;
		};
/* End PBXTargetDependency section */

/* Begin PBXVariantGroup section */
		69EB5244278DA801003F7449 /* Main.storyboard */ = {
			isa = PBXVariantGroup;
			children = (
				69EB5245278DA801003F7449 /* Base */,
			);
			name = Main.storyboard;
			sourceTree = "<group>";
		};
		69EB5249278DA803003F7449 /* LaunchScreen.storyboard */ = {
			isa = PBXVariantGroup;
			children = (
				69EB524A278DA803003F7449 /* Base */,
			);
			name = LaunchScreen.storyboard;
			sourceTree = "<group>";
		};
/* End PBXVariantGroup section */

/* Begin XCBuildConfiguration section */
		69EB5263278DA803003F7449 /* Debug */ = {
			isa = XCBuildConfiguration;
			buildSettings = {
				ALWAYS_SEARCH_USER_PATHS = NO;
				CLANG_ANALYZER_NONNULL = YES;
				CLANG_ANALYZER_NUMBER_OBJECT_CONVERSION = YES_AGGRESSIVE;
				CLANG_CXX_LANGUAGE_STANDARD = "gnu++17";
				CLANG_CXX_LIBRARY = "libc++";
				CLANG_ENABLE_MODULES = YES;
				CLANG_ENABLE_OBJC_ARC = YES;
				CLANG_ENABLE_OBJC_WEAK = YES;
				CLANG_WARN_BLOCK_CAPTURE_AUTORELEASING = YES;
				CLANG_WARN_BOOL_CONVERSION = YES;
				CLANG_WARN_COMMA = YES;
				CLANG_WARN_CONSTANT_CONVERSION = YES;
				CLANG_WARN_DEPRECATED_OBJC_IMPLEMENTATIONS = YES;
				CLANG_WARN_DIRECT_OBJC_ISA_USAGE = YES_ERROR;
				CLANG_WARN_DOCUMENTATION_COMMENTS = YES;
				CLANG_WARN_EMPTY_BODY = YES;
				CLANG_WARN_ENUM_CONVERSION = YES;
				CLANG_WARN_INFINITE_RECURSION = YES;
				CLANG_WARN_INT_CONVERSION = YES;
				CLANG_WARN_NON_LITERAL_NULL_CONVERSION = YES;
				CLANG_WARN_OBJC_IMPLICIT_RETAIN_SELF = YES;
				CLANG_WARN_OBJC_LITERAL_CONVERSION = YES;
				CLANG_WARN_OBJC_ROOT_CLASS = YES_ERROR;
				CLANG_WARN_QUOTED_INCLUDE_IN_FRAMEWORK_HEADER = YES;
				CLANG_WARN_RANGE_LOOP_ANALYSIS = YES;
				CLANG_WARN_STRICT_PROTOTYPES = YES;
				CLANG_WARN_SUSPICIOUS_MOVE = YES;
				CLANG_WARN_UNGUARDED_AVAILABILITY = YES_AGGRESSIVE;
				CLANG_WARN_UNREACHABLE_CODE = YES;
				CLANG_WARN__DUPLICATE_METHOD_MATCH = YES;
				COPY_PHASE_STRIP = NO;
				DEBUG_INFORMATION_FORMAT = dwarf;
				ENABLE_STRICT_OBJC_MSGSEND = YES;
				ENABLE_TESTABILITY = YES;
				GCC_C_LANGUAGE_STANDARD = gnu11;
				GCC_DYNAMIC_NO_PIC = NO;
				GCC_NO_COMMON_BLOCKS = YES;
				GCC_OPTIMIZATION_LEVEL = 0;
				GCC_PREPROCESSOR_DEFINITIONS = (
					"DEBUG=1",
					"$(inherited)",
				);
				GCC_WARN_64_TO_32_BIT_CONVERSION = YES;
				GCC_WARN_ABOUT_RETURN_TYPE = YES_ERROR;
				GCC_WARN_UNDECLARED_SELECTOR = YES;
				GCC_WARN_UNINITIALIZED_AUTOS = YES_AGGRESSIVE;
				GCC_WARN_UNUSED_FUNCTION = YES;
				GCC_WARN_UNUSED_VARIABLE = YES;
				IPHONEOS_DEPLOYMENT_TARGET = 15.0;
				MTL_ENABLE_DEBUG_INFO = INCLUDE_SOURCE;
				MTL_FAST_MATH = YES;
				ONLY_ACTIVE_ARCH = YES;
				SDKROOT = iphoneos;
				SWIFT_ACTIVE_COMPILATION_CONDITIONS = DEBUG;
				SWIFT_OPTIMIZATION_LEVEL = "-Onone";
			};
			name = Debug;
		};
		69EB5264278DA803003F7449 /* Release */ = {
			isa = XCBuildConfiguration;
			buildSettings = {
				ALWAYS_SEARCH_USER_PATHS = NO;
				CLANG_ANALYZER_NONNULL = YES;
				CLANG_ANALYZER_NUMBER_OBJECT_CONVERSION = YES_AGGRESSIVE;
				CLANG_CXX_LANGUAGE_STANDARD = "gnu++17";
				CLANG_CXX_LIBRARY = "libc++";
				CLANG_ENABLE_MODULES = YES;
				CLANG_ENABLE_OBJC_ARC = YES;
				CLANG_ENABLE_OBJC_WEAK = YES;
				CLANG_WARN_BLOCK_CAPTURE_AUTORELEASING = YES;
				CLANG_WARN_BOOL_CONVERSION = YES;
				CLANG_WARN_COMMA = YES;
				CLANG_WARN_CONSTANT_CONVERSION = YES;
				CLANG_WARN_DEPRECATED_OBJC_IMPLEMENTATIONS = YES;
				CLANG_WARN_DIRECT_OBJC_ISA_USAGE = YES_ERROR;
				CLANG_WARN_DOCUMENTATION_COMMENTS = YES;
				CLANG_WARN_EMPTY_BODY = YES;
				CLANG_WARN_ENUM_CONVERSION = YES;
				CLANG_WARN_INFINITE_RECURSION = YES;
				CLANG_WARN_INT_CONVERSION = YES;
				CLANG_WARN_NON_LITERAL_NULL_CONVERSION = YES;
				CLANG_WARN_OBJC_IMPLICIT_RETAIN_SELF = YES;
				CLANG_WARN_OBJC_LITERAL_CONVERSION = YES;
				CLANG_WARN_OBJC_ROOT_CLASS = YES_ERROR;
				CLANG_WARN_QUOTED_INCLUDE_IN_FRAMEWORK_HEADER = YES;
				CLANG_WARN_RANGE_LOOP_ANALYSIS = YES;
				CLANG_WARN_STRICT_PROTOTYPES = YES;
				CLANG_WARN_SUSPICIOUS_MOVE = YES;
				CLANG_WARN_UNGUARDED_AVAILABILITY = YES_AGGRESSIVE;
				CLANG_WARN_UNREACHABLE_CODE = YES;
				CLANG_WARN__DUPLICATE_METHOD_MATCH = YES;
				COPY_PHASE_STRIP = NO;
				DEBUG_INFORMATION_FORMAT = "dwarf-with-dsym";
				ENABLE_NS_ASSERTIONS = NO;
				ENABLE_STRICT_OBJC_MSGSEND = YES;
				GCC_C_LANGUAGE_STANDARD = gnu11;
				GCC_NO_COMMON_BLOCKS = YES;
				GCC_WARN_64_TO_32_BIT_CONVERSION = YES;
				GCC_WARN_ABOUT_RETURN_TYPE = YES_ERROR;
				GCC_WARN_UNDECLARED_SELECTOR = YES;
				GCC_WARN_UNINITIALIZED_AUTOS = YES_AGGRESSIVE;
				GCC_WARN_UNUSED_FUNCTION = YES;
				GCC_WARN_UNUSED_VARIABLE = YES;
				IPHONEOS_DEPLOYMENT_TARGET = 15.0;
				MTL_ENABLE_DEBUG_INFO = NO;
				MTL_FAST_MATH = YES;
				SDKROOT = iphoneos;
				SWIFT_COMPILATION_MODE = wholemodule;
				SWIFT_OPTIMIZATION_LEVEL = "-O";
				VALIDATE_PRODUCT = YES;
			};
			name = Release;
		};
		69EB5266278DA803003F7449 /* Debug */ = {
			isa = XCBuildConfiguration;
			buildSettings = {
				ASSETCATALOG_COMPILER_APPICON_NAME = AppIcon;
				ASSETCATALOG_COMPILER_GLOBAL_ACCENT_COLOR_NAME = AccentColor;
				CODE_SIGN_STYLE = Automatic;
				CURRENT_PROJECT_VERSION = 1;
				DEVELOPMENT_TEAM = FQ2695S35Q;
				GENERATE_INFOPLIST_FILE = YES;
				INFOPLIST_FILE = "HomeWork#2.3/Info.plist";
				INFOPLIST_KEY_UIApplicationSupportsIndirectInputEvents = YES;
				INFOPLIST_KEY_UILaunchStoryboardName = LaunchScreen;
				INFOPLIST_KEY_UIMainStoryboardFile = Main;
				INFOPLIST_KEY_UISupportedInterfaceOrientations_iPad = "UIInterfaceOrientationPortrait UIInterfaceOrientationPortraitUpsideDown UIInterfaceOrientationLandscapeLeft UIInterfaceOrientationLandscapeRight";
				INFOPLIST_KEY_UISupportedInterfaceOrientations_iPhone = "UIInterfaceOrientationPortrait UIInterfaceOrientationLandscapeLeft UIInterfaceOrientationLandscapeRight";
				LD_RUNPATH_SEARCH_PATHS = (
					"$(inherited)",
					"@executable_path/Frameworks",
				);
				MARKETING_VERSION = 1.0;
				PRODUCT_BUNDLE_IDENTIFIER = "Lessons.HomeWork-2-3";
				PRODUCT_NAME = "$(TARGET_NAME)";
				SWIFT_EMIT_LOC_STRINGS = YES;
				SWIFT_VERSION = 5.0;
				TARGETED_DEVICE_FAMILY = "1,2";
			};
			name = Debug;
		};
		69EB5267278DA803003F7449 /* Release */ = {
			isa = XCBuildConfiguration;
			buildSettings = {
				ASSETCATALOG_COMPILER_APPICON_NAME = AppIcon;
				ASSETCATALOG_COMPILER_GLOBAL_ACCENT_COLOR_NAME = AccentColor;
				CODE_SIGN_STYLE = Automatic;
				CURRENT_PROJECT_VERSION = 1;
				DEVELOPMENT_TEAM = FQ2695S35Q;
				GENERATE_INFOPLIST_FILE = YES;
				INFOPLIST_FILE = "HomeWork#2.3/Info.plist";
				INFOPLIST_KEY_UIApplicationSupportsIndirectInputEvents = YES;
				INFOPLIST_KEY_UILaunchStoryboardName = LaunchScreen;
				INFOPLIST_KEY_UIMainStoryboardFile = Main;
				INFOPLIST_KEY_UISupportedInterfaceOrientations_iPad = "UIInterfaceOrientationPortrait UIInterfaceOrientationPortraitUpsideDown UIInterfaceOrientationLandscapeLeft UIInterfaceOrientationLandscapeRight";
				INFOPLIST_KEY_UISupportedInterfaceOrientations_iPhone = "UIInterfaceOrientationPortrait UIInterfaceOrientationLandscapeLeft UIInterfaceOrientationLandscapeRight";
				LD_RUNPATH_SEARCH_PATHS = (
					"$(inherited)",
					"@executable_path/Frameworks",
				);
				MARKETING_VERSION = 1.0;
				PRODUCT_BUNDLE_IDENTIFIER = "Lessons.HomeWork-2-3";
				PRODUCT_NAME = "$(TARGET_NAME)";
				SWIFT_EMIT_LOC_STRINGS = YES;
				SWIFT_VERSION = 5.0;
				TARGETED_DEVICE_FAMILY = "1,2";
			};
			name = Release;
		};
		69EB5269278DA803003F7449 /* Debug */ = {
			isa = XCBuildConfiguration;
			buildSettings = {
				ALWAYS_EMBED_SWIFT_STANDARD_LIBRARIES = YES;
				BUNDLE_LOADER = "$(TEST_HOST)";
				CODE_SIGN_STYLE = Automatic;
				CURRENT_PROJECT_VERSION = 1;
				DEVELOPMENT_TEAM = FQ2695S35Q;
				GENERATE_INFOPLIST_FILE = YES;
				IPHONEOS_DEPLOYMENT_TARGET = 15.0;
				LD_RUNPATH_SEARCH_PATHS = (
					"$(inherited)",
					"@executable_path/Frameworks",
					"@loader_path/Frameworks",
				);
				MARKETING_VERSION = 1.0;
				PRODUCT_BUNDLE_IDENTIFIER = "Lessons.HomeWork-2-3Tests";
				PRODUCT_NAME = "$(TARGET_NAME)";
				SWIFT_EMIT_LOC_STRINGS = NO;
				SWIFT_VERSION = 5.0;
				TARGETED_DEVICE_FAMILY = "1,2";
				TEST_HOST = "$(BUILT_PRODUCTS_DIR)/HomeWork#2.3.app/HomeWork#2.3";
			};
			name = Debug;
		};
		69EB526A278DA803003F7449 /* Release */ = {
			isa = XCBuildConfiguration;
			buildSettings = {
				ALWAYS_EMBED_SWIFT_STANDARD_LIBRARIES = YES;
				BUNDLE_LOADER = "$(TEST_HOST)";
				CODE_SIGN_STYLE = Automatic;
				CURRENT_PROJECT_VERSION = 1;
				DEVELOPMENT_TEAM = FQ2695S35Q;
				GENERATE_INFOPLIST_FILE = YES;
				IPHONEOS_DEPLOYMENT_TARGET = 15.0;
				LD_RUNPATH_SEARCH_PATHS = (
					"$(inherited)",
					"@executable_path/Frameworks",
					"@loader_path/Frameworks",
				);
				MARKETING_VERSION = 1.0;
				PRODUCT_BUNDLE_IDENTIFIER = "Lessons.HomeWork-2-3Tests";
				PRODUCT_NAME = "$(TARGET_NAME)";
				SWIFT_EMIT_LOC_STRINGS = NO;
				SWIFT_VERSION = 5.0;
				TARGETED_DEVICE_FAMILY = "1,2";
				TEST_HOST = "$(BUILT_PRODUCTS_DIR)/HomeWork#2.3.app/HomeWork#2.3";
			};
			name = Release;
		};
		69EB526C278DA803003F7449 /* Debug */ = {
			isa = XCBuildConfiguration;
			buildSettings = {
				ALWAYS_EMBED_SWIFT_STANDARD_LIBRARIES = YES;
				CODE_SIGN_STYLE = Automatic;
				CURRENT_PROJECT_VERSION = 1;
				DEVELOPMENT_TEAM = FQ2695S35Q;
				GENERATE_INFOPLIST_FILE = YES;
				LD_RUNPATH_SEARCH_PATHS = (
					"$(inherited)",
					"@executable_path/Frameworks",
					"@loader_path/Frameworks",
				);
				MARKETING_VERSION = 1.0;
				PRODUCT_BUNDLE_IDENTIFIER = "Lessons.HomeWork-2-3UITests";
				PRODUCT_NAME = "$(TARGET_NAME)";
				SWIFT_EMIT_LOC_STRINGS = NO;
				SWIFT_VERSION = 5.0;
				TARGETED_DEVICE_FAMILY = "1,2";
				TEST_TARGET_NAME = "HomeWork#2.3";
			};
			name = Debug;
		};
		69EB526D278DA803003F7449 /* Release */ = {
			isa = XCBuildConfiguration;
			buildSettings = {
				ALWAYS_EMBED_SWIFT_STANDARD_LIBRARIES = YES;
				CODE_SIGN_STYLE = Automatic;
				CURRENT_PROJECT_VERSION = 1;
				DEVELOPMENT_TEAM = FQ2695S35Q;
				GENERATE_INFOPLIST_FILE = YES;
				LD_RUNPATH_SEARCH_PATHS = (
					"$(inherited)",
					"@executable_path/Frameworks",
					"@loader_path/Frameworks",
				);
				MARKETING_VERSION = 1.0;
				PRODUCT_BUNDLE_IDENTIFIER = "Lessons.HomeWork-2-3UITests";
				PRODUCT_NAME = "$(TARGET_NAME)";
				SWIFT_EMIT_LOC_STRINGS = NO;
				SWIFT_VERSION = 5.0;
				TARGETED_DEVICE_FAMILY = "1,2";
				TEST_TARGET_NAME = "HomeWork#2.3";
			};
			name = Release;
		};
/* End XCBuildConfiguration section */

/* Begin XCConfigurationList section */
		69EB5236278DA801003F7449 /* Build configuration list for PBXProject "HomeWork#2.3" */ = {
			isa = XCConfigurationList;
			buildConfigurations = (
				69EB5263278DA803003F7449 /* Debug */,
				69EB5264278DA803003F7449 /* Release */,
			);
			defaultConfigurationIsVisible = 0;
			defaultConfigurationName = Release;
		};
		69EB5265278DA803003F7449 /* Build configuration list for PBXNativeTarget "HomeWork#2.3" */ = {
			isa = XCConfigurationList;
			buildConfigurations = (
				69EB5266278DA803003F7449 /* Debug */,
				69EB5267278DA803003F7449 /* Release */,
			);
			defaultConfigurationIsVisible = 0;
			defaultConfigurationName = Release;
		};
		69EB5268278DA803003F7449 /* Build configuration list for PBXNativeTarget "HomeWork#2.3Tests" */ = {
			isa = XCConfigurationList;
			buildConfigurations = (
				69EB5269278DA803003F7449 /* Debug */,
				69EB526A278DA803003F7449 /* Release */,
			);
			defaultConfigurationIsVisible = 0;
			defaultConfigurationName = Release;
		};
		69EB526B278DA803003F7449 /* Build configuration list for PBXNativeTarget "HomeWork#2.3UITests" */ = {
			isa = XCConfigurationList;
			buildConfigurations = (
				69EB526C278DA803003F7449 /* Debug */,
				69EB526D278DA803003F7449 /* Release */,
			);
			defaultConfigurationIsVisible = 0;
			defaultConfigurationName = Release;
		};
/* End XCConfigurationList section */
	};
	rootObject = 69EB5233278DA801003F7449 /* Project object */;
}
